
Microsoft Visual Studio Solution File, Format Version 12.00
# Visual Studio Version 17
VisualStudioVersion = 17.6.33815.320
MinimumVisualStudioVersion = 10.0.40219.1
Project("{FAE04EC0-301F-11D3-BF4B-00C04F79EFBC}") = "AIS.RealTime", "AIS.RealTime.csproj", "{50105A7A-C950-4B8C-A74C-05C7E03A207E}"
EndProject
Project("{FAE04EC0-301F-11D3-BF4B-00C04F79EFBC}") = "Core", "..\Core\Core.csproj", "{85C45862-82D0-4EEF-BD04-CD73ADE1C546}"
EndProject
Project("{FAE04EC0-301F-11D3-BF4B-00C04F79EFBC}") = "DAL", "..\DAL\DAL.csproj", "{4E9FE10C-34EE-4572-81EA-3226B658B9FF}"
EndProject
Project("{FAE04EC0-301F-11D3-BF4B-00C04F79EFBC}") = "AISServices", "..\AISServices\AISServices.csproj", "{164CA0E6-8014-4D72-9494-2E0B678ACF66}"
EndProject
Global
	GlobalSection(SolutionConfigurationPlatforms) = preSolution
		Debug|Any CPU = Debug|Any CPU
		Release|Any CPU = Release|Any CPU
	EndGlobalSection
	GlobalSection(ProjectConfigurationPlatforms) = postSolution
		{50105A7A-C950-4B8C-A74C-05C7E03A207E}.Debug|Any CPU.ActiveCfg = Debug|Any CPU
		{50105A7A-C950-4B8C-A74C-05C7E03A207E}.Debug|Any CPU.Build.0 = Debug|Any CPU
		{50105A7A-C950-4B8C-A74C-05C7E03A207E}.Release|Any CPU.ActiveCfg = Release|Any CPU
		{50105A7A-C950-4B8C-A74C-05C7E03A207E}.Release|Any CPU.Build.0 = Release|Any CPU
		{85C45862-82D0-4EEF-BD04-CD73ADE1C546}.Debug|Any CPU.ActiveCfg = Debug|Any CPU
		{85C45862-82D0-4EEF-BD04-CD73ADE1C546}.Debug|Any CPU.Build.0 = Debug|Any CPU
		{85C45862-82D0-4EEF-BD04-CD73ADE1C546}.Release|Any CPU.ActiveCfg = Release|Any CPU
		{85C45862-82D0-4EEF-BD04-CD73ADE1C546}.Release|Any CPU.Build.0 = Release|Any CPU
		{4E9FE10C-34EE-4572-81EA-3226B658B9FF}.Debug|Any CPU.ActiveCfg = Debug|Any CPU
		{4E9FE10C-34EE-4572-81EA-3226B658B9FF}.Debug|Any CPU.Build.0 = Debug|Any CPU
		{4E9FE10C-34EE-4572-81EA-3226B658B9FF}.Release|Any CPU.ActiveCfg = Release|Any CPU
		{4E9FE10C-34EE-4572-81EA-3226B658B9FF}.Release|Any CPU.Build.0 = Release|Any CPU
		{164CA0E6-8014-4D72-9494-2E0B678ACF66}.Debug|Any CPU.ActiveCfg = Debug|Any CPU
		{164CA0E6-8014-4D72-9494-2E0B678ACF66}.Debug|Any CPU.Build.0 = Debug|Any CPU
		{164CA0E6-8014-4D72-9494-2E0B678ACF66}.Release|Any CPU.ActiveCfg = Release|Any CPU
		{164CA0E6-8014-4D72-9494-2E0B678ACF66}.Release|Any CPU.Build.0 = Release|Any CPU
	EndGlobalSection
	GlobalSection(SolutionProperties) = preSolution
		HideSolutionNode = FALSE
	EndGlobalSection
	GlobalSection(ExtensibilityGlobals) = postSolution
		SolutionGuid = {AE4E139C-7564-4C7A-A728-10E7E92CF6E1}
	EndGlobalSection
EndGlobal
